{
    "_readme": [
        "This file locks the dependencies of your project to a known state",
        "Read more about it at https://getcomposer.org/doc/01-basic-usage.md#composer-lock-the-lock-file",
        "This file is @generated automatically"
    ],
    "hash": "7fee02bdfb7d0f63f0d0657c57a60514",
    "content-hash": "a8d804d299d5977054c5652bd28fcb44",
    "packages": [
        {
            "name": "container-interop/container-interop",
            "version": "1.1.0",
            "source": {
                "type": "git",
                "url": "https://github.com/container-interop/container-interop.git",
                "reference": "fc08354828f8fd3245f77a66b9e23a6bca48297e"
            },
            "dist": {
                "type": "zip",
                "url": "https://api.github.com/repos/container-interop/container-interop/zipball/fc08354828f8fd3245f77a66b9e23a6bca48297e",
                "reference": "fc08354828f8fd3245f77a66b9e23a6bca48297e",
                "shasum": ""
            },
            "type": "library",
            "autoload": {
                "psr-4": {
                    "Interop\\Container\\": "src/Interop/Container/"
                }
            },
            "notification-url": "https://packagist.org/downloads/",
            "license": [
                "MIT"
            ],
            "description": "Promoting the interoperability of container objects (DIC, SL, etc.)",
            "time": "2014-12-30 15:22:37"
        },
        {
            "name": "http-interop/http-middleware",
            "version": "0.2.0",
            "source": {
                "type": "git",
                "url": "https://github.com/http-interop/http-middleware.git",
                "reference": "ff545c87e97bf4d88f0cb7eb3e89f99aaa53d7a9"
            },
            "dist": {
                "type": "zip",
                "url": "https://api.github.com/repos/http-interop/http-middleware/zipball/ff545c87e97bf4d88f0cb7eb3e89f99aaa53d7a9",
                "reference": "ff545c87e97bf4d88f0cb7eb3e89f99aaa53d7a9",
                "shasum": ""
            },
            "require": {
                "php": ">=5.3.0",
                "psr/http-message": "^1.0"
            },
            "type": "library",
            "extra": {
                "branch-alias": {
                    "dev-master": "1.0.x-dev"
                }
            },
            "autoload": {
                "psr-4": {
                    "Interop\\Http\\Middleware\\": "src/"
                }
            },
            "notification-url": "https://packagist.org/downloads/",
            "license": [
                "MIT"
            ],
            "authors": [
                {
                    "name": "PHP-FIG",
                    "homepage": "http://www.php-fig.org/"
                }
            ],
            "description": "Common interface for HTTP middleware",
            "keywords": [
                "factory",
                "http",
                "middleware",
                "psr",
                "psr-17",
                "psr-7",
                "request",
                "response"
            ],
            "time": "2016-09-25 13:30:27"
        },
        {
            "name": "league/plates",
            "version": "3.1.1",
            "source": {
                "type": "git",
                "url": "https://github.com/thephpleague/plates.git",
                "reference": "2d8569e9f140a70d6a05db38006926f7547cb802"
            },
            "dist": {
                "type": "zip",
                "url": "https://api.github.com/repos/thephpleague/plates/zipball/2d8569e9f140a70d6a05db38006926f7547cb802",
                "reference": "2d8569e9f140a70d6a05db38006926f7547cb802",
                "shasum": ""
            },
            "require-dev": {
                "mikey179/vfsstream": "~1.4.0",
                "phpunit/phpunit": "~4.0",
                "squizlabs/php_codesniffer": "~1.5"
            },
            "type": "library",
            "extra": {
                "branch-alias": {
                    "dev-master": "3.0-dev"
                }
            },
            "autoload": {
                "psr-4": {
                    "League\\Plates\\": "src"
                }
            },
            "notification-url": "https://packagist.org/downloads/",
            "license": [
                "MIT"
            ],
            "authors": [
                {
                    "name": "Jonathan Reinink",
                    "email": "jonathan@reinink.ca",
                    "role": "Developer"
                }
            ],
            "description": "Plates, the native PHP template system that's fast, easy to use and easy to extend.",
            "homepage": "http://platesphp.com",
            "keywords": [
                "league",
                "package",
                "templates",
                "templating",
                "views"
            ],
            "time": "2015-07-09 02:14:40"
        },
        {
            "name": "mindplay/middleman",
            "version": "2.0.0",
            "source": {
                "type": "git",
                "url": "https://github.com/mindplay-dk/middleman.git",
                "reference": "03becb30c218fd99845109f507d12df5052da471"
            },
            "dist": {
                "type": "zip",
                "url": "https://api.github.com/repos/mindplay-dk/middleman/zipball/03becb30c218fd99845109f507d12df5052da471",
                "reference": "03becb30c218fd99845109f507d12df5052da471",
                "shasum": ""
            },
            "require": {
                "container-interop/container-interop": "^1.1",
                "http-interop/http-middleware": "^0.2",
                "mindplay/readable": "^1",
                "php": ">=5.4",
                "psr/http-message": "~1.0"
            },
            "require-dev": {
                "mindplay/testies": "^0.2.0",
                "mockery/mockery": "^0.9.4",
                "phpunit/php-code-coverage": "^2.2"
            },
            "type": "library",
            "autoload": {
                "psr-4": {
                    "mindplay\\middleman\\": "src/"
                }
            },
            "notification-url": "https://packagist.org/downloads/",
            "license": [
                "LGPL-3.0+"
            ],
            "authors": [
                {
                    "name": "Rasmus Schultz",
                    "email": "rasmus@mindplay.dk"
                }
            ],
            "description": "PSR-7 middleware dispatcher. Let's stop trying to make this complicated.",
            "time": "2016-09-29 07:43:04"
        },
        {
            "name": "mindplay/readable",
            "version": "1.0.0",
            "source": {
                "type": "git",
                "url": "https://github.com/mindplay-dk/readable.git",
                "reference": "211a6afd951d3501d9e4495bcaf373659af79ade"
            },
            "dist": {
                "type": "zip",
                "url": "https://api.github.com/repos/mindplay-dk/readable/zipball/211a6afd951d3501d9e4495bcaf373659af79ade",
                "reference": "211a6afd951d3501d9e4495bcaf373659af79ade",
                "shasum": ""
            },
            "require": {
                "php": ">=5.4"
            },
            "require-dev": {
                "mindplay/testies": "dev-master",
                "phpunit/php-code-coverage": ">=2, <4"
            },
            "type": "library",
            "autoload": {
                "classmap": [
                    "src/"
                ]
            },
            "notification-url": "https://packagist.org/downloads/",
            "license": [
                "MIT"
            ],
            "description": "Formats PHP values as human-readable strings",
            "time": "2016-05-08 20:17:11"
        },
        {
            "name": "pmall/core",
            "version": "dev-master",
            "source": {
                "type": "git",
                "url": "../core",
                "reference": "e0f61edb79e0400442708c6130ce88be8255ab4e"
            },
            "require": {
                "container-interop/container-interop": "^1.1",
                "http-interop/http-middleware": "^0.2.0",
                "mindplay/middleman": "^2.0",
                "mindplay/readable": "^1.0",
                "psr/http-message": "^1.0"
            },
            "type": "library",
            "autoload": {
                "psr-4": {
                    "Pmall\\Core\\": "src"
                }
            },
            "authors": [
                {
                    "name": "pmall",
                    "email": "pierre.mallinjoud@gmail.com"
                }
            ],
            "description": "the core component of the pmall framework",
            "time": "2016-11-10 19:23:22"
        },
        {
            "name": "pmall/formatting",
            "version": "dev-master",
            "source": {
                "type": "git",
                "url": "../formatting",
                "reference": "5089d16ea31b07ca9e8ec8df4d8937e718b88602"
            },
            "require": {
                "http-interop/http-middleware": "^0.2.0",
                "pmall/core": "dev-master",
                "psr/http-message": "^1.0",
                "zendframework/zend-diactoros": "^1.3"
            },
            "type": "library",
            "autoload": {
                "psr-4": {
                    "Pmall\\Formatting\\": "src"
                }
            },
            "authors": [
                {
                    "name": "pmall",
                    "email": "pierre.mallinjoud@gmail.com"
                }
            ],
            "description": "the formatting component of the pmall framework",
            "time": "2016-11-18 19:34:01"
        },
        {
            "name": "psr/http-message",
            "version": "1.0.1",
            "source": {
                "type": "git",
                "url": "https://github.com/php-fig/http-message.git",
                "reference": "f6561bf28d520154e4b0ec72be95418abe6d9363"
            },
            "dist": {
                "type": "zip",
                "url": "https://api.github.com/repos/php-fig/http-message/zipball/f6561bf28d520154e4b0ec72be95418abe6d9363",
                "reference": "f6561bf28d520154e4b0ec72be95418abe6d9363",
                "shasum": ""
            },
            "require": {
                "php": ">=5.3.0"
            },
            "type": "library",
            "extra": {
                "branch-alias": {
                    "dev-master": "1.0.x-dev"
                }
            },
            "autoload": {
                "psr-4": {
                    "Psr\\Http\\Message\\": "src/"
                }
            },
            "notification-url": "https://packagist.org/downloads/",
            "license": [
                "MIT"
            ],
            "authors": [
                {
                    "name": "PHP-FIG",
                    "homepage": "http://www.php-fig.org/"
                }
            ],
            "description": "Common interface for HTTP messages",
            "homepage": "https://github.com/php-fig/http-message",
            "keywords": [
                "http",
                "http-message",
                "psr",
                "psr-7",
                "request",
                "response"
            ],
            "time": "2016-08-06 14:39:51"
        },
        {
            "name": "twig/twig",
            "version": "v1.28.1",
            "source": {
                "type": "git",
                "url": "https://github.com/twigphp/Twig.git",
                "reference": "fff80c4a7ae1d47a81dfec10c76cbcb939170b45"
            },
            "dist": {
                "type": "zip",
                "url": "https://api.github.com/repos/twigphp/Twig/zipball/fff80c4a7ae1d47a81dfec10c76cbcb939170b45",
                "reference": "fff80c4a7ae1d47a81dfec10c76cbcb939170b45",
                "shasum": ""
            },
            "require": {
                "php": ">=5.2.7"
            },
            "require-dev": {
                "symfony/debug": "~2.7",
                "symfony/phpunit-bridge": "~2.7"
            },
            "type": "library",
            "extra": {
                "branch-alias": {
                    "dev-master": "1.28-dev"
                }
            },
            "autoload": {
                "psr-0": {
                    "Twig_": "lib/"
                }
            },
            "notification-url": "https://packagist.org/downloads/",
            "license": [
                "BSD-3-Clause"
            ],
            "authors": [
                {
                    "name": "Fabien Potencier",
                    "email": "fabien@symfony.com",
                    "homepage": "http://fabien.potencier.org",
                    "role": "Lead Developer"
                },
                {
                    "name": "Armin Ronacher",
                    "email": "armin.ronacher@active-4.com",
                    "role": "Project Founder"
                },
                {
                    "name": "Twig Team",
                    "homepage": "http://twig.sensiolabs.org/contributors",
                    "role": "Contributors"
                }
            ],
            "description": "Twig, the flexible, fast, and secure template language for PHP",
            "homepage": "http://twig.sensiolabs.org",
            "keywords": [
                "templating"
            ],
            "time": "2016-11-19 05:52:49"
        },
        {
            "name": "zendframework/zend-diactoros",
            "version": "1.3.7",
            "source": {
                "type": "git",
                "url": "https://github.com/zendframework/zend-diactoros.git",
                "reference": "969ff423d3f201da3ff718a5831bb999bb0669b0"
            },
            "dist": {
                "type": "zip",
                "url": "https://api.github.com/repos/zendframework/zend-diactoros/zipball/969ff423d3f201da3ff718a5831bb999bb0669b0",
                "reference": "969ff423d3f201da3ff718a5831bb999bb0669b0",
                "shasum": ""
            },
            "require": {
                "php": "^5.4 || ^7.0",
                "psr/http-message": "~1.0"
            },
            "provide": {
                "psr/http-message-implementation": "~1.0.0"
            },
            "require-dev": {
                "phpunit/phpunit": "^4.6 || ^5.5",
                "squizlabs/php_codesniffer": "^2.3.1"
            },
            "type": "library",
            "extra": {
                "branch-alias": {
                    "dev-master": "1.3-dev",
                    "dev-develop": "1.4-dev"
                }
            },
            "autoload": {
                "psr-4": {
                    "Zend\\Diactoros\\": "src/"
                }
            },
            "notification-url": "https://packagist.org/downloads/",
            "license": [
                "BSD-2-Clause"
            ],
            "description": "PSR HTTP Message implementations",
            "homepage": "https://github.com/zendframework/zend-diactoros",
            "keywords": [
                "http",
                "psr",
                "psr-7"
            ],
            "time": "2016-10-11 13:25:21"
        }
    ],
    "packages-dev": [],
    "aliases": [],
    "minimum-stability": "stable",
    "stability-flags": {
        "pmall/core": 20,
        "pmall/formatting": 20
    },
    "prefer-stable": false,
    "prefer-lowest": false,
    "platform": [],
    "platform-dev": []
}
